
Microsoft Visual Studio Solution File, Format Version 12.00
# Visual Studio Version 17
VisualStudioVersion = 17.14.36511.14 d17.14
MinimumVisualStudioVersion = 10.0.40219.1
Project("{FAE04EC0-301F-11D3-BF4B-00C04F79EFBC}") = "HardwareRentalApp", "HardwareRentalApp.csproj", "{255B56A5-6724-4FB0-AF3F-960401901311}"
EndProject
Global
	GlobalSection(SolutionConfigurationPlatforms) = preSolution
		Debug|Any CPU = Debug|Any CPU
		Release|Any CPU = Release|Any CPU
	EndGlobalSection
	GlobalSection(ProjectConfigurationPlatforms) = postSolution
		{255B56A5-6724-4FB0-AF3F-960401901311}.Debug|Any CPU.ActiveCfg = Debug|Any CPU
		{255B56A5-6724-4FB0-AF3F-960401901311}.Debug|Any CPU.Build.0 = Debug|Any CPU
		{255B56A5-6724-4FB0-AF3F-960401901311}.Release|Any CPU.ActiveCfg = Release|Any CPU
		{255B56A5-6724-4FB0-AF3F-960401901311}.Release|Any CPU.Build.0 = Release|Any CPU
	EndGlobalSection
	GlobalSection(SolutionProperties) = preSolution
		HideSolutionNode = FALSE
	EndGlobalSection
	GlobalSection(ExtensibilityGlobals) = postSolution
		SolutionGuid = {EAF90093-2DC6-4088-A5FE-8B8F60106FAB}
	EndGlobalSection
EndGlobal
